// !$*UTF8*$!
{
	archiveVersion = 1;
	classes = {
	};
	objectVersion = 77;
	objects = {

/* Begin PBXContainerItemProxy section */
		B1C9CB6B2D0DCA03001D2C4B /* PBXContainerItemProxy */ = {
			isa = PBXContainerItemProxy;
			containerPortal = B1C9CB522D0DCA01001D2C4B /* Project object */;
			proxyType = 1;
			remoteGlobalIDString = B1C9CB592D0DCA01001D2C4B;
			remoteInfo = FakeStoreAPI;
		};
		B1C9CB752D0DCA03001D2C4B /* PBXContainerItemProxy */ = {
			isa = PBXContainerItemProxy;
			containerPortal = B1C9CB522D0DCA01001D2C4B /* Project object */;
			proxyType = 1;
			remoteGlobalIDString = B1C9CB592D0DCA01001D2C4B;
			remoteInfo = FakeStoreAPI;
		};
/* End PBXContainerItemProxy section */

/* Begin PBXFileReference section */
		B1C9CB5A2D0DCA01001D2C4B /* FakeStoreAPI.app */ = {isa = PBXFileReference; explicitFileType = wrapper.application; includeInIndex = 0; path = FakeStoreAPI.app; sourceTree = BUILT_PRODUCTS_DIR; };
		B1C9CB6A2D0DCA03001D2C4B /* FakeStoreAPITests.xctest */ = {isa = PBXFileReference; explicitFileType = wrapper.cfbundle; includeInIndex = 0; path = FakeStoreAPITests.xctest; sourceTree = BUILT_PRODUCTS_DIR; };
		B1C9CB742D0DCA03001D2C4B /* FakeStoreAPIUITests.xctest */ = {isa = PBXFileReference; explicitFileType = wrapper.cfbundle; includeInIndex = 0; path = FakeStoreAPIUITests.xctest; sourceTree = BUILT_PRODUCTS_DIR; };
/* End PBXFileReference section */

/* Begin PBXFileSystemSynchronizedRootGroup section */
		B1C9CB5C2D0DCA01001D2C4B /* FakeStoreAPI */ = {
			isa = PBXFileSystemSynchronizedRootGroup;
			path = FakeStoreAPI;
			sourceTree = "<group>";
		};
		B1C9CB6D2D0DCA03001D2C4B /* FakeStoreAPITests */ = {
			isa = PBXFileSystemSynchronizedRootGroup;
			path = FakeStoreAPITests;
			sourceTree = "<group>";
		};
		B1C9CB772D0DCA03001D2C4B /* FakeStoreAPIUITests */ = {
			isa = PBXFileSystemSynchronizedRootGroup;
			path = FakeStoreAPIUITests;
			sourceTree = "<group>";
		};
/* End PBXFileSystemSynchronizedRootGroup section */

/* Begin PBXFrameworksBuildPhase section */
		B1C9CB572D0DCA01001D2C4B /* Frameworks */ = {
			isa = PBXFrameworksBuildPhase;
			buildActionMask = 2147483647;
			files = (
			);
			runOnlyForDeploymentPostprocessing = 0;
		};
		B1C9CB672D0DCA03001D2C4B /* Frameworks */ = {
			isa = PBXFrameworksBuildPhase;
			buildActionMask = 2147483647;
			files = (
			);
			runOnlyForDeploymentPostprocessing = 0;
		};
		B1C9CB712D0DCA03001D2C4B /* Frameworks */ = {
			isa = PBXFrameworksBuildPhase;
			buildActionMask = 2147483647;
			files = (
			);
			runOnlyForDeploymentPostprocessing = 0;
		};
/* End PBXFrameworksBuildPhase section */

/* Begin PBXGroup section */
		B1C9CB512D0DCA01001D2C4B = {
			isa = PBXGroup;
			children = (
				B1C9CB5C2D0DCA01001D2C4B /* FakeStoreAPI */,
				B1C9CB6D2D0DCA03001D2C4B /* FakeStoreAPITests */,
				B1C9CB772D0DCA03001D2C4B /* FakeStoreAPIUITests */,
				B1C9CB5B2D0DCA01001D2C4B /* Products */,
			);
			sourceTree = "<group>";
		};
		B1C9CB5B2D0DCA01001D2C4B /* Products */ = {
			isa = PBXGroup;
			children = (
				B1C9CB5A2D0DCA01001D2C4B /* FakeStoreAPI.app */,
				B1C9CB6A2D0DCA03001D2C4B /* FakeStoreAPITests.xctest */,
				B1C9CB742D0DCA03001D2C4B /* FakeStoreAPIUITests.xctest */,
			);
			name = Products;
			sourceTree = "<group>";
		};
/* End PBXGroup section */

/* Begin PBXNativeTarget section */
		B1C9CB592D0DCA01001D2C4B /* FakeStoreAPI */ = {
			isa = PBXNativeTarget;
			buildConfigurationList = B1C9CB7E2D0DCA03001D2C4B /* Build configuration list for PBXNativeTarget "FakeStoreAPI" */;
			buildPhases = (
				B1C9CB562D0DCA01001D2C4B /* Sources */,
				B1C9CB572D0DCA01001D2C4B /* Frameworks */,
				B1C9CB582D0DCA01001D2C4B /* Resources */,
			);
			buildRules = (
			);
			dependencies = (
			);
			fileSystemSynchronizedGroups = (
				B1C9CB5C2D0DCA01001D2C4B /* FakeStoreAPI */,
			);
			name = FakeStoreAPI;
			packageProductDependencies = (
			);
			productName = FakeStoreAPI;
			productReference = B1C9CB5A2D0DCA01001D2C4B /* FakeStoreAPI.app */;
			productType = "com.apple.product-type.application";
		};
		B1C9CB692D0DCA03001D2C4B /* FakeStoreAPITests */ = {
			isa = PBXNativeTarget;
			buildConfigurationList = B1C9CB812D0DCA03001D2C4B /* Build configuration list for PBXNativeTarget "FakeStoreAPITests" */;
			buildPhases = (
				B1C9CB662D0DCA03001D2C4B /* Sources */,
				B1C9CB672D0DCA03001D2C4B /* Frameworks */,
				B1C9CB682D0DCA03001D2C4B /* Resources */,
			);
			buildRules = (
			);
			dependencies = (
				B1C9CB6C2D0DCA03001D2C4B /* PBXTargetDependency */,
			);
			fileSystemSynchronizedGroups = (
				B1C9CB6D2D0DCA03001D2C4B /* FakeStoreAPITests */,
			);
			name = FakeStoreAPITests;
			packageProductDependencies = (
			);
			productName = FakeStoreAPITests;
			productReference = B1C9CB6A2D0DCA03001D2C4B /* FakeStoreAPITests.xctest */;
			productType = "com.apple.product-type.bundle.unit-test";
		};
		B1C9CB732D0DCA03001D2C4B /* FakeStoreAPIUITests */ = {
			isa = PBXNativeTarget;
			buildConfigurationList = B1C9CB842D0DCA03001D2C4B /* Build configuration list for PBXNativeTarget "FakeStoreAPIUITests" */;
			buildPhases = (
				B1C9CB702D0DCA03001D2C4B /* Sources */,
				B1C9CB712D0DCA03001D2C4B /* Frameworks */,
				B1C9CB722D0DCA03001D2C4B /* Resources */,
			);
			buildRules = (
			);
			dependencies = (
				B1C9CB762D0DCA03001D2C4B /* PBXTargetDependency */,
			);
			fileSystemSynchronizedGroups = (
				B1C9CB772D0DCA03001D2C4B /* FakeStoreAPIUITests */,
			);
			name = FakeStoreAPIUITests;
			packageProductDependencies = (
			);
			productName = FakeStoreAPIUITests;
			productReference = B1C9CB742D0DCA03001D2C4B /* FakeStoreAPIUITests.xctest */;
			productType = "com.apple.product-type.bundle.ui-testing";
		};
/* End PBXNativeTarget section */

/* Begin PBXProject section */
		B1C9CB522D0DCA01001D2C4B /* Project object */ = {
			isa = PBXProject;
			attributes = {
				BuildIndependentTargetsInParallel = 1;
				LastSwiftUpdateCheck = 1620;
				LastUpgradeCheck = 1620;
				TargetAttributes = {
					B1C9CB592D0DCA01001D2C4B = {
						CreatedOnToolsVersion = 16.2;
					};
					B1C9CB692D0DCA03001D2C4B = {
						CreatedOnToolsVersion = 16.2;
						TestTargetID = B1C9CB592D0DCA01001D2C4B;
					};
					B1C9CB732D0DCA03001D2C4B = {
						CreatedOnToolsVersion = 16.2;
						TestTargetID = B1C9CB592D0DCA01001D2C4B;
					};
				};
			};
			buildConfigurationList = B1C9CB552D0DCA01001D2C4B /* Build configuration list for PBXProject "FakeStoreAPI" */;
			developmentRegion = en;
			hasScannedForEncodings = 0;
			knownRegions = (
				en,
				Base,
			);
			mainGroup = B1C9CB512D0DCA01001D2C4B;
			minimizedProjectReferenceProxies = 1;
			preferredProjectObjectVersion = 77;
			productRefGroup = B1C9CB5B2D0DCA01001D2C4B /* Products */;
			projectDirPath = "";
			projectRoot = "";
			targets = (
				B1C9CB592D0DCA01001D2C4B /* FakeStoreAPI */,
				B1C9CB692D0DCA03001D2C4B /* FakeStoreAPITests */,
				B1C9CB732D0DCA03001D2C4B /* FakeStoreAPIUITests */,
			);
		};
/* End PBXProject section */

/* Begin PBXResourcesBuildPhase section */
		B1C9CB582D0DCA01001D2C4B /* Resources */ = {
			isa = PBXResourcesBuildPhase;
			buildActionMask = 2147483647;
			files = (
			);
			runOnlyForDeploymentPostprocessing = 0;
		};
		B1C9CB682D0DCA03001D2C4B /* Resources */ = {
			isa = PBXResourcesBuildPhase;
			buildActionMask = 2147483647;
			files = (
			);
			runOnlyForDeploymentPostprocessing = 0;
		};
		B1C9CB722D0DCA03001D2C4B /* Resources */ = {
			isa = PBXResourcesBuildPhase;
			buildActionMask = 2147483647;
			files = (
			);
			runOnlyForDeploymentPostprocessing = 0;
		};
/* End PBXResourcesBuildPhase section */

/* Begin PBXSourcesBuildPhase section */
		B1C9CB562D0DCA01001D2C4B /* Sources */ = {
			isa = PBXSourcesBuildPhase;
			buildActionMask = 2147483647;
			files = (
			);
			runOnlyForDeploymentPostprocessing = 0;
		};
		B1C9CB662D0DCA03001D2C4B /* Sources */ = {
			isa = PBXSourcesBuildPhase;
			buildActionMask = 2147483647;
			files = (
			);
			runOnlyForDeploymentPostprocessing = 0;
		};
		B1C9CB702D0DCA03001D2C4B /* Sources */ = {
			isa = PBXSourcesBuildPhase;
			buildActionMask = 2147483647;
			files = (
			);
			runOnlyForDeploymentPostprocessing = 0;
		};
/* End PBXSourcesBuildPhase section */

/* Begin PBXTargetDependency section */
		B1C9CB6C2D0DCA03001D2C4B /* PBXTargetDependency */ = {
			isa = PBXTargetDependency;
			target = B1C9CB592D0DCA01001D2C4B /* FakeStoreAPI */;
			targetProxy = B1C9CB6B2D0DCA03001D2C4B /* PBXContainerItemProxy */;
		};
		B1C9CB762D0DCA03001D2C4B /* PBXTargetDependency */ = {
			isa = PBXTargetDependency;
			target = B1C9CB592D0DCA01001D2C4B /* FakeStoreAPI */;
			targetProxy = B1C9CB752D0DCA03001D2C4B /* PBXContainerItemProxy */;
		};
/* End PBXTargetDependency section */

/* Begin XCBuildConfiguration section */
		B1C9CB7C2D0DCA03001D2C4B /* Debug */ = {
			isa = XCBuildConfiguration;
			buildSettings = {
				ALWAYS_SEARCH_USER_PATHS = NO;
				ASSETCATALOG_COMPILER_GENERATE_SWIFT_ASSET_SYMBOL_EXTENSIONS = YES;
				CLANG_ANALYZER_NONNULL = YES;
				CLANG_ANALYZER_NUMBER_OBJECT_CONVERSION = YES_AGGRESSIVE;
				CLANG_CXX_LANGUAGE_STANDARD = "gnu++20";
				CLANG_ENABLE_MODULES = YES;
				CLANG_ENABLE_OBJC_ARC = YES;
				CLANG_ENABLE_OBJC_WEAK = YES;
				CLANG_WARN_BLOCK_CAPTURE_AUTORELEASING = YES;
				CLANG_WARN_BOOL_CONVERSION = YES;
				CLANG_WARN_COMMA = YES;
				CLANG_WARN_CONSTANT_CONVERSION = YES;
				CLANG_WARN_DEPRECATED_OBJC_IMPLEMENTATIONS = YES;
				CLANG_WARN_DIRECT_OBJC_ISA_USAGE = YES_ERROR;
				CLANG_WARN_DOCUMENTATION_COMMENTS = YES;
				CLANG_WARN_EMPTY_BODY = YES;
				CLANG_WARN_ENUM_CONVERSION = YES;
				CLANG_WARN_INFINITE_RECURSION = YES;
				CLANG_WARN_INT_CONVERSION = YES;
				CLANG_WARN_NON_LITERAL_NULL_CONVERSION = YES;
				CLANG_WARN_OBJC_IMPLICIT_RETAIN_SELF = YES;
				CLANG_WARN_OBJC_LITERAL_CONVERSION = YES;
				CLANG_WARN_OBJC_ROOT_CLASS = YES_ERROR;
				CLANG_WARN_QUOTED_INCLUDE_IN_FRAMEWORK_HEADER = YES;
				CLANG_WARN_RANGE_LOOP_ANALYSIS = YES;
				CLANG_WARN_STRICT_PROTOTYPES = YES;
				CLANG_WARN_SUSPICIOUS_MOVE = YES;
				CLANG_WARN_UNGUARDED_AVAILABILITY = YES_AGGRESSIVE;
				CLANG_WARN_UNREACHABLE_CODE = YES;
				CLANG_WARN__DUPLICATE_METHOD_MATCH = YES;
				COPY_PHASE_STRIP = NO;
				DEBUG_INFORMATION_FORMAT = dwarf;
				ENABLE_STRICT_OBJC_MSGSEND = YES;
				ENABLE_TESTABILITY = YES;
				ENABLE_USER_SCRIPT_SANDBOXING = YES;
				GCC_C_LANGUAGE_STANDARD = gnu17;
				GCC_DYNAMIC_NO_PIC = NO;
				GCC_NO_COMMON_BLOCKS = YES;
				GCC_OPTIMIZATION_LEVEL = 0;
				GCC_PREPROCESSOR_DEFINITIONS = (
					"DEBUG=1",
					"$(inherited)",
				);
				GCC_WARN_64_TO_32_BIT_CONVERSION = YES;
				GCC_WARN_ABOUT_RETURN_TYPE = YES_ERROR;
				GCC_WARN_UNDECLARED_SELECTOR = YES;
				GCC_WARN_UNINITIALIZED_AUTOS = YES_AGGRESSIVE;
				GCC_WARN_UNUSED_FUNCTION = YES;
				GCC_WARN_UNUSED_VARIABLE = YES;
				IPHONEOS_DEPLOYMENT_TARGET = 18.2;
				LOCALIZATION_PREFERS_STRING_CATALOGS = YES;
				MTL_ENABLE_DEBUG_INFO = INCLUDE_SOURCE;
				MTL_FAST_MATH = YES;
				ONLY_ACTIVE_ARCH = YES;
				SDKROOT = iphoneos;
				SWIFT_ACTIVE_COMPILATION_CONDITIONS = "DEBUG $(inherited)";
				SWIFT_OPTIMIZATION_LEVEL = "-Onone";
			};
			name = Debug;
		};
		B1C9CB7D2D0DCA03001D2C4B /* Release */ = {
			isa = XCBuildConfiguration;
			buildSettings = {
				ALWAYS_SEARCH_USER_PATHS = NO;
				ASSETCATALOG_COMPILER_GENERATE_SWIFT_ASSET_SYMBOL_EXTENSIONS = YES;
				CLANG_ANALYZER_NONNULL = YES;
				CLANG_ANALYZER_NUMBER_OBJECT_CONVERSION = YES_AGGRESSIVE;
				CLANG_CXX_LANGUAGE_STANDARD = "gnu++20";
				CLANG_ENABLE_MODULES = YES;
				CLANG_ENABLE_OBJC_ARC = YES;
				CLANG_ENABLE_OBJC_WEAK = YES;
				CLANG_WARN_BLOCK_CAPTURE_AUTORELEASING = YES;
				CLANG_WARN_BOOL_CONVERSION = YES;
				CLANG_WARN_COMMA = YES;
				CLANG_WARN_CONSTANT_CONVERSION = YES;
				CLANG_WARN_DEPRECATED_OBJC_IMPLEMENTATIONS = YES;
				CLANG_WARN_DIRECT_OBJC_ISA_USAGE = YES_ERROR;
				CLANG_WARN_DOCUMENTATION_COMMENTS = YES;
				CLANG_WARN_EMPTY_BODY = YES;
				CLANG_WARN_ENUM_CONVERSION = YES;
				CLANG_WARN_INFINITE_RECURSION = YES;
				CLANG_WARN_INT_CONVERSION = YES;
				CLANG_WARN_NON_LITERAL_NULL_CONVERSION = YES;
				CLANG_WARN_OBJC_IMPLICIT_RETAIN_SELF = YES;
				CLANG_WARN_OBJC_LITERAL_CONVERSION = YES;
				CLANG_WARN_OBJC_ROOT_CLASS = YES_ERROR;
				CLANG_WARN_QUOTED_INCLUDE_IN_FRAMEWORK_HEADER = YES;
				CLANG_WARN_RANGE_LOOP_ANALYSIS = YES;
				CLANG_WARN_STRICT_PROTOTYPES = YES;
				CLANG_WARN_SUSPICIOUS_MOVE = YES;
				CLANG_WARN_UNGUARDED_AVAILABILITY = YES_AGGRESSIVE;
				CLANG_WARN_UNREACHABLE_CODE = YES;
				CLANG_WARN__DUPLICATE_METHOD_MATCH = YES;
				COPY_PHASE_STRIP = NO;
				DEBUG_INFORMATION_FORMAT = "dwarf-with-dsym";
				ENABLE_NS_ASSERTIONS = NO;
				ENABLE_STRICT_OBJC_MSGSEND = YES;
				ENABLE_USER_SCRIPT_SANDBOXING = YES;
				GCC_C_LANGUAGE_STANDARD = gnu17;
				GCC_NO_COMMON_BLOCKS = YES;
				GCC_WARN_64_TO_32_BIT_CONVERSION = YES;
				GCC_WARN_ABOUT_RETURN_TYPE = YES_ERROR;
				GCC_WARN_UNDECLARED_SELECTOR = YES;
				GCC_WARN_UNINITIALIZED_AUTOS = YES_AGGRESSIVE;
				GCC_WARN_UNUSED_FUNCTION = YES;
				GCC_WARN_UNUSED_VARIABLE = YES;
				IPHONEOS_DEPLOYMENT_TARGET = 18.2;
				LOCALIZATION_PREFERS_STRING_CATALOGS = YES;
				MTL_ENABLE_DEBUG_INFO = NO;
				MTL_FAST_MATH = YES;
				SDKROOT = iphoneos;
				SWIFT_COMPILATION_MODE = wholemodule;
				VALIDATE_PRODUCT = YES;
			};
			name = Release;
		};
		B1C9CB7F2D0DCA03001D2C4B /* Debug */ = {
			isa = XCBuildConfiguration;
			buildSettings = {
				ASSETCATALOG_COMPILER_APPICON_NAME = AppIcon;
				ASSETCATALOG_COMPILER_GLOBAL_ACCENT_COLOR_NAME = AccentColor;
				CODE_SIGN_STYLE = Automatic;
				CURRENT_PROJECT_VERSION = 1;
				DEVELOPMENT_ASSET_PATHS = "\"FakeStoreAPI/Preview Content\"";
				DEVELOPMENT_TEAM = 68DYRSMMUG;
				ENABLE_PREVIEWS = YES;
				GENERATE_INFOPLIST_FILE = YES;
				INFOPLIST_KEY_UIApplicationSceneManifest_Generation = YES;
				INFOPLIST_KEY_UIApplicationSupportsIndirectInputEvents = YES;
				INFOPLIST_KEY_UILaunchScreen_Generation = YES;
				INFOPLIST_KEY_UISupportedInterfaceOrientations_iPad = "UIInterfaceOrientationPortrait UIInterfaceOrientationPortraitUpsideDown UIInterfaceOrientationLandscapeLeft UIInterfaceOrientationLandscapeRight";
				INFOPLIST_KEY_UISupportedInterfaceOrientations_iPhone = "UIInterfaceOrientationPortrait UIInterfaceOrientationLandscapeLeft UIInterfaceOrientationLandscapeRight";
				LD_RUNPATH_SEARCH_PATHS = (
					"$(inherited)",
					"@executable_path/Frameworks",
				);
				MARKETING_VERSION = 1.0;
				PRODUCT_BUNDLE_IDENTIFIER = com.tamizhselvan.FakeStoreAPI;
				PRODUCT_NAME = "$(TARGET_NAME)";
				SWIFT_EMIT_LOC_STRINGS = YES;
				SWIFT_VERSION = 5.0;
				TARGETED_DEVICE_FAMILY = "1,2";
			};
			name = Debug;
		};
		B1C9CB802D0DCA03001D2C4B /* Release */ = {
			isa = XCBuildConfiguration;
			buildSettings = {
				ASSETCATALOG_COMPILER_APPICON_NAME = AppIcon;
				ASSETCATALOG_COMPILER_GLOBAL_ACCENT_COLOR_NAME = AccentColor;
				CODE_SIGN_STYLE = Automatic;
				CURRENT_PROJECT_VERSION = 1;
				DEVELOPMENT_ASSET_PATHS = "\"FakeStoreAPI/Preview Content\"";
				DEVELOPMENT_TEAM = 68DYRSMMUG;
				ENABLE_PREVIEWS = YES;
				GENERATE_INFOPLIST_FILE = YES;
				INFOPLIST_KEY_UIApplicationSceneManifest_Generation = YES;
				INFOPLIST_KEY_UIApplicationSupportsIndirectInputEvents = YES;
				INFOPLIST_KEY_UILaunchScreen_Generation = YES;
				INFOPLIST_KEY_UISupportedInterfaceOrientations_iPad = "UIInterfaceOrientationPortrait UIInterfaceOrientationPortraitUpsideDown UIInterfaceOrientationLandscapeLeft UIInterfaceOrientationLandscapeRight";
				INFOPLIST_KEY_UISupportedInterfaceOrientations_iPhone = "UIInterfaceOrientationPortrait UIInterfaceOrientationLandscapeLeft UIInterfaceOrientationLandscapeRight";
				LD_RUNPATH_SEARCH_PATHS = (
					"$(inherited)",
					"@executable_path/Frameworks",
				);
				MARKETING_VERSION = 1.0;
				PRODUCT_BUNDLE_IDENTIFIER = com.tamizhselvan.FakeStoreAPI;
				PRODUCT_NAME = "$(TARGET_NAME)";
				SWIFT_EMIT_LOC_STRINGS = YES;
				SWIFT_VERSION = 5.0;
				TARGETED_DEVICE_FAMILY = "1,2";
			};
			name = Release;
		};
		B1C9CB822D0DCA03001D2C4B /* Debug */ = {
			isa = XCBuildConfiguration;
			buildSettings = {
				BUNDLE_LOADER = "$(TEST_HOST)";
				CODE_SIGN_STYLE = Automatic;
				CURRENT_PROJECT_VERSION = 1;
				DEVELOPMENT_TEAM = 68DYRSMMUG;
				GENERATE_INFOPLIST_FILE = YES;
				IPHONEOS_DEPLOYMENT_TARGET = 18.2;
				MARKETING_VERSION = 1.0;
				PRODUCT_BUNDLE_IDENTIFIER = com.tamizhselvan.FakeStoreAPITests;
				PRODUCT_NAME = "$(TARGET_NAME)";
				SWIFT_EMIT_LOC_STRINGS = NO;
				SWIFT_VERSION = 5.0;
				TARGETED_DEVICE_FAMILY = "1,2";
				TEST_HOST = "$(BUILT_PRODUCTS_DIR)/FakeStoreAPI.app/$(BUNDLE_EXECUTABLE_FOLDER_PATH)/FakeStoreAPI";
			};
			name = Debug;
		};
		B1C9CB832D0DCA03001D2C4B /* Release */ = {
			isa = XCBuildConfiguration;
			buildSettings = {
				BUNDLE_LOADER = "$(TEST_HOST)";
				CODE_SIGN_STYLE = Automatic;
				CURRENT_PROJECT_VERSION = 1;
				DEVELOPMENT_TEAM = 68DYRSMMUG;
				GENERATE_INFOPLIST_FILE = YES;
				IPHONEOS_DEPLOYMENT_TARGET = 18.2;
				MARKETING_VERSION = 1.0;
				PRODUCT_BUNDLE_IDENTIFIER = com.tamizhselvan.FakeStoreAPITests;
				PRODUCT_NAME = "$(TARGET_NAME)";
				SWIFT_EMIT_LOC_STRINGS = NO;
				SWIFT_VERSION = 5.0;
				TARGETED_DEVICE_FAMILY = "1,2";
				TEST_HOST = "$(BUILT_PRODUCTS_DIR)/FakeStoreAPI.app/$(BUNDLE_EXECUTABLE_FOLDER_PATH)/FakeStoreAPI";
			};
			name = Release;
		};
		B1C9CB852D0DCA03001D2C4B /* Debug */ = {
			isa = XCBuildConfiguration;
			buildSettings = {
				CODE_SIGN_STYLE = Automatic;
				CURRENT_PROJECT_VERSION = 1;
				DEVELOPMENT_TEAM = 68DYRSMMUG;
				GENERATE_INFOPLIST_FILE = YES;
				MARKETING_VERSION = 1.0;
				PRODUCT_BUNDLE_IDENTIFIER = com.tamizhselvan.FakeStoreAPIUITests;
				PRODUCT_NAME = "$(TARGET_NAME)";
				SWIFT_EMIT_LOC_STRINGS = NO;
				SWIFT_VERSION = 5.0;
				TARGETED_DEVICE_FAMILY = "1,2";
				TEST_TARGET_NAME = FakeStoreAPI;
			};
			name = Debug;
		};
		B1C9CB862D0DCA03001D2C4B /* Release */ = {
			isa = XCBuildConfiguration;
			buildSettings = {
				CODE_SIGN_STYLE = Automatic;
				CURRENT_PROJECT_VERSION = 1;
				DEVELOPMENT_TEAM = 68DYRSMMUG;
				GENERATE_INFOPLIST_FILE = YES;
				MARKETING_VERSION = 1.0;
				PRODUCT_BUNDLE_IDENTIFIER = com.tamizhselvan.FakeStoreAPIUITests;
				PRODUCT_NAME = "$(TARGET_NAME)";
				SWIFT_EMIT_LOC_STRINGS = NO;
				SWIFT_VERSION = 5.0;
				TARGETED_DEVICE_FAMILY = "1,2";
				TEST_TARGET_NAME = FakeStoreAPI;
			};
			name = Release;
		};
/* End XCBuildConfiguration section */

/* Begin XCConfigurationList section */
		B1C9CB552D0DCA01001D2C4B /* Build configuration list for PBXProject "FakeStoreAPI" */ = {
			isa = XCConfigurationList;
			buildConfigurations = (
				B1C9CB7C2D0DCA03001D2C4B /* Debug */,
				B1C9CB7D2D0DCA03001D2C4B /* Release */,
			);
			defaultConfigurationIsVisible = 0;
			defaultConfigurationName = Release;
		};
		B1C9CB7E2D0DCA03001D2C4B /* Build configuration list for PBXNativeTarget "FakeStoreAPI" */ = {
			isa = XCConfigurationList;
			buildConfigurations = (
				B1C9CB7F2D0DCA03001D2C4B /* Debug */,
				B1C9CB802D0DCA03001D2C4B /* Release */,
			);
			defaultConfigurationIsVisible = 0;
			defaultConfigurationName = Release;
		};
		B1C9CB812D0DCA03001D2C4B /* Build configuration list for PBXNativeTarget "FakeStoreAPITests" */ = {
			isa = XCConfigurationList;
			buildConfigurations = (
				B1C9CB822D0DCA03001D2C4B /* Debug */,
				B1C9CB832D0DCA03001D2C4B /* Release */,
			);
			defaultConfigurationIsVisible = 0;
			defaultConfigurationName = Release;
		};
		B1C9CB842D0DCA03001D2C4B /* Build configuration list for PBXNativeTarget "FakeStoreAPIUITests" */ = {
			isa = XCConfigurationList;
			buildConfigurations = (
				B1C9CB852D0DCA03001D2C4B /* Debug */,
				B1C9CB862D0DCA03001D2C4B /* Release */,
			);
			defaultConfigurationIsVisible = 0;
			defaultConfigurationName = Release;
		};
/* End XCConfigurationList section */
	};
	rootObject = B1C9CB522D0DCA01001D2C4B /* Project object */;
}
